
Microsoft Visual Studio Solution File, Format Version 12.00
# Visual Studio Version 17
VisualStudioVersion = 17.5.33424.131
MinimumVisualStudioVersion = 10.0.40219.1
Project("{FAE04EC0-301F-11D3-BF4B-00C04F79EFBC}") = "MyMovieAPI", "MyMovieAPI\MyMovieAPI.csproj", "{A7574527-6848-44EC-B93D-E6A6A6F96167}"
EndProject
Global
	GlobalSection(SolutionConfigurationPlatforms) = preSolution
		Debug|Any CPU = Debug|Any CPU
		Release|Any CPU = Release|Any CPU
	EndGlobalSection
	GlobalSection(ProjectConfigurationPlatforms) = postSolution
		{A7574527-6848-44EC-B93D-E6A6A6F96167}.Debug|Any CPU.ActiveCfg = Debug|Any CPU
		{A7574527-6848-44EC-B93D-E6A6A6F96167}.Debug|Any CPU.Build.0 = Debug|Any CPU
		{A7574527-6848-44EC-B93D-E6A6A6F96167}.Release|Any CPU.ActiveCfg = Release|Any CPU
		{A7574527-6848-44EC-B93D-E6A6A6F96167}.Release|Any CPU.Build.0 = Release|Any CPU
	EndGlobalSection
	GlobalSection(SolutionProperties) = preSolution
		HideSolutionNode = FALSE
	EndGlobalSection
	GlobalSection(ExtensibilityGlobals) = postSolution
		SolutionGuid = {198B3BC9-32D3-474B-92C6-0238FBCF4C7E}
	EndGlobalSection
EndGlobal
